
Microsoft Visual Studio Solution File, Format Version 12.00
# Visual Studio 15
VisualStudioVersion = 15.0.26228.9
MinimumVisualStudioVersion = 10.0.40219.1
Project("{FAE04EC0-301F-11D3-BF4B-00C04F79EFBC}") = "SpartaDAL", "SpartaDAL\SpartaDAL.csproj", "{0B052EC8-17E2-4627-B1F6-AD9EA0D4DEED}"
EndProject
Global
	GlobalSection(SolutionConfigurationPlatforms) = preSolution
		Debug|Any CPU = Debug|Any CPU
		Release|Any CPU = Release|Any CPU
	EndGlobalSection
	GlobalSection(ProjectConfigurationPlatforms) = postSolution
		{0B052EC8-17E2-4627-B1F6-AD9EA0D4DEED}.Debug|Any CPU.ActiveCfg = Debug|Any CPU
		{0B052EC8-17E2-4627-B1F6-AD9EA0D4DEED}.Debug|Any CPU.Build.0 = Debug|Any CPU
		{0B052EC8-17E2-4627-B1F6-AD9EA0D4DEED}.Release|Any CPU.ActiveCfg = Release|Any CPU
		{0B052EC8-17E2-4627-B1F6-AD9EA0D4DEED}.Release|Any CPU.Build.0 = Release|Any CPU
	EndGlobalSection
	GlobalSection(SolutionProperties) = preSolution
		HideSolutionNode = FALSE
	EndGlobalSection
EndGlobal
